[root]
name = "tikv"
version = "0.0.1"
dependencies = [
 "byteorder 0.4.2 (registry+https://github.com/rust-lang/crates.io-index)",
 "bytes 0.3.0 (git+https://github.com/carllerche/bytes)",
 "log 0.3.4 (registry+https://github.com/rust-lang/crates.io-index)",
 "protobuf 1.0.14 (git+https://github.com/stepancheg/rust-protobuf.git)",
 "rocksdb 0.3.0 (registry+https://github.com/rust-lang/crates.io-index)",
]

[[package]]
name = "byteorder"
version = "0.4.2"
source = "registry+https://github.com/rust-lang/crates.io-index"

[[package]]
name = "bytes"
version = "0.3.0"
source = "git+https://github.com/carllerche/bytes#12dfc417ce3de87ca0ae867636fcb9faeccdb242"

[[package]]
name = "libc"
version = "0.1.12"
source = "registry+https://github.com/rust-lang/crates.io-index"

[[package]]
name = "libc"
version = "0.2.4"
source = "registry+https://github.com/rust-lang/crates.io-index"

[[package]]
name = "log"
version = "0.3.4"
source = "registry+https://github.com/rust-lang/crates.io-index"
dependencies = [
 "libc 0.2.4 (registry+https://github.com/rust-lang/crates.io-index)",
]

[[package]]
name = "protobuf"
version = "1.0.14"
source = "git+https://github.com/stepancheg/rust-protobuf.git#27493292cecdc0fa4523a6110f2724f442962199"

[[package]]
name = "rocksdb"
version = "0.3.0"
source = "registry+https://github.com/rust-lang/crates.io-index"
dependencies = [
 "libc 0.1.12 (registry+https://github.com/rust-lang/crates.io-index)",
]

